// !$*UTF8*$!
{
	archiveVersion = 1;
	classes = {
	};
	objectVersion = 77;
	objects = {

/* Begin PBXContainerItemProxy section */
		83B5BAEF2ED03687003686EB /* PBXContainerItemProxy */ = {
			isa = PBXContainerItemProxy;
			containerPortal = 83B5BAD62ED03684003686EB /* Project object */;
			proxyType = 1;
			remoteGlobalIDString = 83B5BADD2ED03684003686EB;
			remoteInfo = IndieFocus;
		};
		83B5BAF92ED03687003686EB /* PBXContainerItemProxy */ = {
			isa = PBXContainerItemProxy;
			containerPortal = 83B5BAD62ED03684003686EB /* Project object */;
			proxyType = 1;
			remoteGlobalIDString = 83B5BADD2ED03684003686EB;
			remoteInfo = IndieFocus;
		};
/* End PBXContainerItemProxy section */

/* Begin PBXFileReference section */
		83B5BADE2ED03684003686EB /* IndieFocus.app */ = {isa = PBXFileReference; explicitFileType = wrapper.application; includeInIndex = 0; path = IndieFocus.app; sourceTree = BUILT_PRODUCTS_DIR; };
		83B5BAEE2ED03687003686EB /* IndieFocusTests.xctest */ = {isa = PBXFileReference; explicitFileType = wrapper.cfbundle; includeInIndex = 0; path = IndieFocusTests.xctest; sourceTree = BUILT_PRODUCTS_DIR; };
		83B5BAF82ED03687003686EB /* IndieFocusUITests.xctest */ = {isa = PBXFileReference; explicitFileType = wrapper.cfbundle; includeInIndex = 0; path = IndieFocusUITests.xctest; sourceTree = BUILT_PRODUCTS_DIR; };
/* End PBXFileReference section */

/* Begin PBXFileSystemSynchronizedRootGroup section */
		83B5BAE02ED03684003686EB /* IndieFocus */ = {
			isa = PBXFileSystemSynchronizedRootGroup;
			path = IndieFocus;
			sourceTree = "<group>";
		};
		83B5BAF12ED03687003686EB /* IndieFocusTests */ = {
			isa = PBXFileSystemSynchronizedRootGroup;
			path = IndieFocusTests;
			sourceTree = "<group>";
		};
		83B5BAFB2ED03687003686EB /* IndieFocusUITests */ = {
			isa = PBXFileSystemSynchronizedRootGroup;
			path = IndieFocusUITests;
			sourceTree = "<group>";
		};
/* End PBXFileSystemSynchronizedRootGroup section */

/* Begin PBXFrameworksBuildPhase section */
		83B5BADB2ED03684003686EB /* Frameworks */ = {
			isa = PBXFrameworksBuildPhase;
			buildActionMask = 2147483647;
			files = (
			);
			runOnlyForDeploymentPostprocessing = 0;
		};
		83B5BAEB2ED03687003686EB /* Frameworks */ = {
			isa = PBXFrameworksBuildPhase;
			buildActionMask = 2147483647;
			files = (
			);
			runOnlyForDeploymentPostprocessing = 0;
		};
		83B5BAF52ED03687003686EB /* Frameworks */ = {
			isa = PBXFrameworksBuildPhase;
			buildActionMask = 2147483647;
			files = (
			);
			runOnlyForDeploymentPostprocessing = 0;
		};
/* End PBXFrameworksBuildPhase section */

/* Begin PBXGroup section */
		83B5BAD52ED03684003686EB = {
			isa = PBXGroup;
			children = (
				83B5BAE02ED03684003686EB /* IndieFocus */,
				83B5BAF12ED03687003686EB /* IndieFocusTests */,
				83B5BAFB2ED03687003686EB /* IndieFocusUITests */,
				83B5BADF2ED03684003686EB /* Products */,
			);
			sourceTree = "<group>";
		};
		83B5BADF2ED03684003686EB /* Products */ = {
			isa = PBXGroup;
			children = (
				83B5BADE2ED03684003686EB /* IndieFocus.app */,
				83B5BAEE2ED03687003686EB /* IndieFocusTests.xctest */,
				83B5BAF82ED03687003686EB /* IndieFocusUITests.xctest */,
			);
			name = Products;
			sourceTree = "<group>";
		};
/* End PBXGroup section */

/* Begin PBXNativeTarget section */
		83B5BADD2ED03684003686EB /* IndieFocus */ = {
			isa = PBXNativeTarget;
			buildConfigurationList = 83B5BB022ED03688003686EB /* Build configuration list for PBXNativeTarget "IndieFocus" */;
			buildPhases = (
				83B5BADA2ED03684003686EB /* Sources */,
				83B5BADB2ED03684003686EB /* Frameworks */,
				83B5BADC2ED03684003686EB /* Resources */,
			);
			buildRules = (
			);
			dependencies = (
			);
			fileSystemSynchronizedGroups = (
				83B5BAE02ED03684003686EB /* IndieFocus */,
			);
			name = IndieFocus;
			packageProductDependencies = (
			);
			productName = IndieFocus;
			productReference = 83B5BADE2ED03684003686EB /* IndieFocus.app */;
			productType = "com.apple.product-type.application";
		};
		83B5BAED2ED03687003686EB /* IndieFocusTests */ = {
			isa = PBXNativeTarget;
			buildConfigurationList = 83B5BB052ED03688003686EB /* Build configuration list for PBXNativeTarget "IndieFocusTests" */;
			buildPhases = (
				83B5BAEA2ED03687003686EB /* Sources */,
				83B5BAEB2ED03687003686EB /* Frameworks */,
				83B5BAEC2ED03687003686EB /* Resources */,
			);
			buildRules = (
			);
			dependencies = (
				83B5BAF02ED03687003686EB /* PBXTargetDependency */,
			);
			fileSystemSynchronizedGroups = (
				83B5BAF12ED03687003686EB /* IndieFocusTests */,
			);
			name = IndieFocusTests;
			packageProductDependencies = (
			);
			productName = IndieFocusTests;
			productReference = 83B5BAEE2ED03687003686EB /* IndieFocusTests.xctest */;
			productType = "com.apple.product-type.bundle.unit-test";
		};
		83B5BAF72ED03687003686EB /* IndieFocusUITests */ = {
			isa = PBXNativeTarget;
			buildConfigurationList = 83B5BB082ED03688003686EB /* Build configuration list for PBXNativeTarget "IndieFocusUITests" */;
			buildPhases = (
				83B5BAF42ED03687003686EB /* Sources */,
				83B5BAF52ED03687003686EB /* Frameworks */,
				83B5BAF62ED03687003686EB /* Resources */,
			);
			buildRules = (
			);
			dependencies = (
				83B5BAFA2ED03687003686EB /* PBXTargetDependency */,
			);
			fileSystemSynchronizedGroups = (
				83B5BAFB2ED03687003686EB /* IndieFocusUITests */,
			);
			name = IndieFocusUITests;
			packageProductDependencies = (
			);
			productName = IndieFocusUITests;
			productReference = 83B5BAF82ED03687003686EB /* IndieFocusUITests.xctest */;
			productType = "com.apple.product-type.bundle.ui-testing";
		};
/* End PBXNativeTarget section */

/* Begin PBXProject section */
		83B5BAD62ED03684003686EB /* Project object */ = {
			isa = PBXProject;
			attributes = {
				BuildIndependentTargetsInParallel = 1;
				LastSwiftUpdateCheck = 1620;
				LastUpgradeCheck = 1620;
				TargetAttributes = {
					83B5BADD2ED03684003686EB = {
						CreatedOnToolsVersion = 16.2;
					};
					83B5BAED2ED03687003686EB = {
						CreatedOnToolsVersion = 16.2;
						TestTargetID = 83B5BADD2ED03684003686EB;
					};
					83B5BAF72ED03687003686EB = {
						CreatedOnToolsVersion = 16.2;
						TestTargetID = 83B5BADD2ED03684003686EB;
					};
				};
			};
			buildConfigurationList = 83B5BAD92ED03684003686EB /* Build configuration list for PBXProject "IndieFocus" */;
			developmentRegion = en;
			hasScannedForEncodings = 0;
			knownRegions = (
				en,
				Base,
			);
			mainGroup = 83B5BAD52ED03684003686EB;
			minimizedProjectReferenceProxies = 1;
			preferredProjectObjectVersion = 77;
			productRefGroup = 83B5BADF2ED03684003686EB /* Products */;
			projectDirPath = "";
			projectRoot = "";
			targets = (
				83B5BADD2ED03684003686EB /* IndieFocus */,
				83B5BAED2ED03687003686EB /* IndieFocusTests */,
				83B5BAF72ED03687003686EB /* IndieFocusUITests */,
			);
		};
/* End PBXProject section */

/* Begin PBXResourcesBuildPhase section */
		83B5BADC2ED03684003686EB /* Resources */ = {
			isa = PBXResourcesBuildPhase;
			buildActionMask = 2147483647;
			files = (
			);
			runOnlyForDeploymentPostprocessing = 0;
		};
		83B5BAEC2ED03687003686EB /* Resources */ = {
			isa = PBXResourcesBuildPhase;
			buildActionMask = 2147483647;
			files = (
			);
			runOnlyForDeploymentPostprocessing = 0;
		};
		83B5BAF62ED03687003686EB /* Resources */ = {
			isa = PBXResourcesBuildPhase;
			buildActionMask = 2147483647;
			files = (
			);
			runOnlyForDeploymentPostprocessing = 0;
		};
/* End PBXResourcesBuildPhase section */

/* Begin PBXSourcesBuildPhase section */
		83B5BADA2ED03684003686EB /* Sources */ = {
			isa = PBXSourcesBuildPhase;
			buildActionMask = 2147483647;
			files = (
			);
			runOnlyForDeploymentPostprocessing = 0;
		};
		83B5BAEA2ED03687003686EB /* Sources */ = {
			isa = PBXSourcesBuildPhase;
			buildActionMask = 2147483647;
			files = (
			);
			runOnlyForDeploymentPostprocessing = 0;
		};
		83B5BAF42ED03687003686EB /* Sources */ = {
			isa = PBXSourcesBuildPhase;
			buildActionMask = 2147483647;
			files = (
			);
			runOnlyForDeploymentPostprocessing = 0;
		};
/* End PBXSourcesBuildPhase section */

/* Begin PBXTargetDependency section */
		83B5BAF02ED03687003686EB /* PBXTargetDependency */ = {
			isa = PBXTargetDependency;
			target = 83B5BADD2ED03684003686EB /* IndieFocus */;
			targetProxy = 83B5BAEF2ED03687003686EB /* PBXContainerItemProxy */;
		};
		83B5BAFA2ED03687003686EB /* PBXTargetDependency */ = {
			isa = PBXTargetDependency;
			target = 83B5BADD2ED03684003686EB /* IndieFocus */;
			targetProxy = 83B5BAF92ED03687003686EB /* PBXContainerItemProxy */;
		};
/* End PBXTargetDependency section */

/* Begin XCBuildConfiguration section */
		83B5BB002ED03688003686EB /* Debug */ = {
			isa = XCBuildConfiguration;
			buildSettings = {
				ALWAYS_SEARCH_USER_PATHS = NO;
				ASSETCATALOG_COMPILER_GENERATE_SWIFT_ASSET_SYMBOL_EXTENSIONS = YES;
				CLANG_ANALYZER_NONNULL = YES;
				CLANG_ANALYZER_NUMBER_OBJECT_CONVERSION = YES_AGGRESSIVE;
				CLANG_CXX_LANGUAGE_STANDARD = "gnu++20";
				CLANG_ENABLE_MODULES = YES;
				CLANG_ENABLE_OBJC_ARC = YES;
				CLANG_ENABLE_OBJC_WEAK = YES;
				CLANG_WARN_BLOCK_CAPTURE_AUTORELEASING = YES;
				CLANG_WARN_BOOL_CONVERSION = YES;
				CLANG_WARN_COMMA = YES;
				CLANG_WARN_CONSTANT_CONVERSION = YES;
				CLANG_WARN_DEPRECATED_OBJC_IMPLEMENTATIONS = YES;
				CLANG_WARN_DIRECT_OBJC_ISA_USAGE = YES_ERROR;
				CLANG_WARN_DOCUMENTATION_COMMENTS = YES;
				CLANG_WARN_EMPTY_BODY = YES;
				CLANG_WARN_ENUM_CONVERSION = YES;
				CLANG_WARN_INFINITE_RECURSION = YES;
				CLANG_WARN_INT_CONVERSION = YES;
				CLANG_WARN_NON_LITERAL_NULL_CONVERSION = YES;
				CLANG_WARN_OBJC_IMPLICIT_RETAIN_SELF = YES;
				CLANG_WARN_OBJC_LITERAL_CONVERSION = YES;
				CLANG_WARN_OBJC_ROOT_CLASS = YES_ERROR;
				CLANG_WARN_QUOTED_INCLUDE_IN_FRAMEWORK_HEADER = YES;
				CLANG_WARN_RANGE_LOOP_ANALYSIS = YES;
				CLANG_WARN_STRICT_PROTOTYPES = YES;
				CLANG_WARN_SUSPICIOUS_MOVE = YES;
				CLANG_WARN_UNGUARDED_AVAILABILITY = YES_AGGRESSIVE;
				CLANG_WARN_UNREACHABLE_CODE = YES;
				CLANG_WARN__DUPLICATE_METHOD_MATCH = YES;
				COPY_PHASE_STRIP = NO;
				DEBUG_INFORMATION_FORMAT = dwarf;
				ENABLE_STRICT_OBJC_MSGSEND = YES;
				ENABLE_TESTABILITY = YES;
				ENABLE_USER_SCRIPT_SANDBOXING = YES;
				GCC_C_LANGUAGE_STANDARD = gnu17;
				GCC_DYNAMIC_NO_PIC = NO;
				GCC_NO_COMMON_BLOCKS = YES;
				GCC_OPTIMIZATION_LEVEL = 0;
				GCC_PREPROCESSOR_DEFINITIONS = (
					"DEBUG=1",
					"$(inherited)",
				);
				GCC_WARN_64_TO_32_BIT_CONVERSION = YES;
				GCC_WARN_ABOUT_RETURN_TYPE = YES_ERROR;
				GCC_WARN_UNDECLARED_SELECTOR = YES;
				GCC_WARN_UNINITIALIZED_AUTOS = YES_AGGRESSIVE;
				GCC_WARN_UNUSED_FUNCTION = YES;
				GCC_WARN_UNUSED_VARIABLE = YES;
				LOCALIZATION_PREFERS_STRING_CATALOGS = YES;
				MTL_ENABLE_DEBUG_INFO = INCLUDE_SOURCE;
				MTL_FAST_MATH = YES;
				ONLY_ACTIVE_ARCH = YES;
				SDKROOT = appletvos;
				SWIFT_ACTIVE_COMPILATION_CONDITIONS = "DEBUG $(inherited)";
				SWIFT_OPTIMIZATION_LEVEL = "-Onone";
				TVOS_DEPLOYMENT_TARGET = 18.2;
			};
			name = Debug;
		};
		83B5BB012ED03688003686EB /* Release */ = {
			isa = XCBuildConfiguration;
			buildSettings = {
				ALWAYS_SEARCH_USER_PATHS = NO;
				ASSETCATALOG_COMPILER_GENERATE_SWIFT_ASSET_SYMBOL_EXTENSIONS = YES;
				CLANG_ANALYZER_NONNULL = YES;
				CLANG_ANALYZER_NUMBER_OBJECT_CONVERSION = YES_AGGRESSIVE;
				CLANG_CXX_LANGUAGE_STANDARD = "gnu++20";
				CLANG_ENABLE_MODULES = YES;
				CLANG_ENABLE_OBJC_ARC = YES;
				CLANG_ENABLE_OBJC_WEAK = YES;
				CLANG_WARN_BLOCK_CAPTURE_AUTORELEASING = YES;
				CLANG_WARN_BOOL_CONVERSION = YES;
				CLANG_WARN_COMMA = YES;
				CLANG_WARN_CONSTANT_CONVERSION = YES;
				CLANG_WARN_DEPRECATED_OBJC_IMPLEMENTATIONS = YES;
				CLANG_WARN_DIRECT_OBJC_ISA_USAGE = YES_ERROR;
				CLANG_WARN_DOCUMENTATION_COMMENTS = YES;
				CLANG_WARN_EMPTY_BODY = YES;
				CLANG_WARN_ENUM_CONVERSION = YES;
				CLANG_WARN_INFINITE_RECURSION = YES;
				CLANG_WARN_INT_CONVERSION = YES;
				CLANG_WARN_NON_LITERAL_NULL_CONVERSION = YES;
				CLANG_WARN_OBJC_IMPLICIT_RETAIN_SELF = YES;
				CLANG_WARN_OBJC_LITERAL_CONVERSION = YES;
				CLANG_WARN_OBJC_ROOT_CLASS = YES_ERROR;
				CLANG_WARN_QUOTED_INCLUDE_IN_FRAMEWORK_HEADER = YES;
				CLANG_WARN_RANGE_LOOP_ANALYSIS = YES;
				CLANG_WARN_STRICT_PROTOTYPES = YES;
				CLANG_WARN_SUSPICIOUS_MOVE = YES;
				CLANG_WARN_UNGUARDED_AVAILABILITY = YES_AGGRESSIVE;
				CLANG_WARN_UNREACHABLE_CODE = YES;
				CLANG_WARN__DUPLICATE_METHOD_MATCH = YES;
				COPY_PHASE_STRIP = NO;
				DEBUG_INFORMATION_FORMAT = "dwarf-with-dsym";
				ENABLE_NS_ASSERTIONS = NO;
				ENABLE_STRICT_OBJC_MSGSEND = YES;
				ENABLE_USER_SCRIPT_SANDBOXING = YES;
				GCC_C_LANGUAGE_STANDARD = gnu17;
				GCC_NO_COMMON_BLOCKS = YES;
				GCC_WARN_64_TO_32_BIT_CONVERSION = YES;
				GCC_WARN_ABOUT_RETURN_TYPE = YES_ERROR;
				GCC_WARN_UNDECLARED_SELECTOR = YES;
				GCC_WARN_UNINITIALIZED_AUTOS = YES_AGGRESSIVE;
				GCC_WARN_UNUSED_FUNCTION = YES;
				GCC_WARN_UNUSED_VARIABLE = YES;
				LOCALIZATION_PREFERS_STRING_CATALOGS = YES;
				MTL_ENABLE_DEBUG_INFO = NO;
				MTL_FAST_MATH = YES;
				SDKROOT = appletvos;
				SWIFT_COMPILATION_MODE = wholemodule;
				TVOS_DEPLOYMENT_TARGET = 18.2;
				VALIDATE_PRODUCT = YES;
			};
			name = Release;
		};
		83B5BB032ED03688003686EB /* Debug */ = {
			isa = XCBuildConfiguration;
			buildSettings = {
				ASSETCATALOG_COMPILER_APPICON_NAME = "App Icon & Top Shelf Image";
				ASSETCATALOG_COMPILER_GLOBAL_ACCENT_COLOR_NAME = AccentColor;
				CODE_SIGN_STYLE = Automatic;
				CURRENT_PROJECT_VERSION = 1;
				DEVELOPMENT_ASSET_PATHS = "\"IndieFocus/Preview Content\"";
				DEVELOPMENT_TEAM = D23KNPZL8Q;
				ENABLE_PREVIEWS = YES;
				GENERATE_INFOPLIST_FILE = YES;
				INFOPLIST_KEY_UILaunchScreen_Generation = YES;
				INFOPLIST_KEY_UIUserInterfaceStyle = Automatic;
				LD_RUNPATH_SEARCH_PATHS = (
					"$(inherited)",
					"@executable_path/Frameworks",
				);
				MARKETING_VERSION = 1.0;
				PRODUCT_BUNDLE_IDENTIFIER = TABBA.IndieFocus;
				PRODUCT_NAME = "$(TARGET_NAME)";
				SWIFT_EMIT_LOC_STRINGS = YES;
				SWIFT_VERSION = 5.0;
				TARGETED_DEVICE_FAMILY = 3;
			};
			name = Debug;
		};
		83B5BB042ED03688003686EB /* Release */ = {
			isa = XCBuildConfiguration;
			buildSettings = {
				ASSETCATALOG_COMPILER_APPICON_NAME = "App Icon & Top Shelf Image";
				ASSETCATALOG_COMPILER_GLOBAL_ACCENT_COLOR_NAME = AccentColor;
				CODE_SIGN_STYLE = Automatic;
				CURRENT_PROJECT_VERSION = 1;
				DEVELOPMENT_ASSET_PATHS = "\"IndieFocus/Preview Content\"";
				DEVELOPMENT_TEAM = D23KNPZL8Q;
				ENABLE_PREVIEWS = YES;
				GENERATE_INFOPLIST_FILE = YES;
				INFOPLIST_KEY_UILaunchScreen_Generation = YES;
				INFOPLIST_KEY_UIUserInterfaceStyle = Automatic;
				LD_RUNPATH_SEARCH_PATHS = (
					"$(inherited)",
					"@executable_path/Frameworks",
				);
				MARKETING_VERSION = 1.0;
				PRODUCT_BUNDLE_IDENTIFIER = TABBA.IndieFocus;
				PRODUCT_NAME = "$(TARGET_NAME)";
				SWIFT_EMIT_LOC_STRINGS = YES;
				SWIFT_VERSION = 5.0;
				TARGETED_DEVICE_FAMILY = 3;
			};
			name = Release;
		};
		83B5BB062ED03688003686EB /* Debug */ = {
			isa = XCBuildConfiguration;
			buildSettings = {
				BUNDLE_LOADER = "$(TEST_HOST)";
				CODE_SIGN_STYLE = Automatic;
				CURRENT_PROJECT_VERSION = 1;
				DEVELOPMENT_TEAM = D23KNPZL8Q;
				GENERATE_INFOPLIST_FILE = YES;
				MARKETING_VERSION = 1.0;
				PRODUCT_BUNDLE_IDENTIFIER = TABBA.IndieFocusTests;
				PRODUCT_NAME = "$(TARGET_NAME)";
				SWIFT_EMIT_LOC_STRINGS = NO;
				SWIFT_VERSION = 5.0;
				TARGETED_DEVICE_FAMILY = 3;
				TEST_HOST = "$(BUILT_PRODUCTS_DIR)/IndieFocus.app/$(BUNDLE_EXECUTABLE_FOLDER_PATH)/IndieFocus";
				TVOS_DEPLOYMENT_TARGET = 18.2;
			};
			name = Debug;
		};
		83B5BB072ED03688003686EB /* Release */ = {
			isa = XCBuildConfiguration;
			buildSettings = {
				BUNDLE_LOADER = "$(TEST_HOST)";
				CODE_SIGN_STYLE = Automatic;
				CURRENT_PROJECT_VERSION = 1;
				DEVELOPMENT_TEAM = D23KNPZL8Q;
				GENERATE_INFOPLIST_FILE = YES;
				MARKETING_VERSION = 1.0;
				PRODUCT_BUNDLE_IDENTIFIER = TABBA.IndieFocusTests;
				PRODUCT_NAME = "$(TARGET_NAME)";
				SWIFT_EMIT_LOC_STRINGS = NO;
				SWIFT_VERSION = 5.0;
				TARGETED_DEVICE_FAMILY = 3;
				TEST_HOST = "$(BUILT_PRODUCTS_DIR)/IndieFocus.app/$(BUNDLE_EXECUTABLE_FOLDER_PATH)/IndieFocus";
				TVOS_DEPLOYMENT_TARGET = 18.2;
			};
			name = Release;
		};
		83B5BB092ED03688003686EB /* Debug */ = {
			isa = XCBuildConfiguration;
			buildSettings = {
				CODE_SIGN_STYLE = Automatic;
				CURRENT_PROJECT_VERSION = 1;
				DEVELOPMENT_TEAM = D23KNPZL8Q;
				GENERATE_INFOPLIST_FILE = YES;
				MARKETING_VERSION = 1.0;
				PRODUCT_BUNDLE_IDENTIFIER = TABBA.IndieFocusUITests;
				PRODUCT_NAME = "$(TARGET_NAME)";
				SWIFT_EMIT_LOC_STRINGS = NO;
				SWIFT_VERSION = 5.0;
				TARGETED_DEVICE_FAMILY = 3;
				TEST_TARGET_NAME = IndieFocus;
			};
			name = Debug;
		};
		83B5BB0A2ED03688003686EB /* Release */ = {
			isa = XCBuildConfiguration;
			buildSettings = {
				CODE_SIGN_STYLE = Automatic;
				CURRENT_PROJECT_VERSION = 1;
				DEVELOPMENT_TEAM = D23KNPZL8Q;
				GENERATE_INFOPLIST_FILE = YES;
				MARKETING_VERSION = 1.0;
				PRODUCT_BUNDLE_IDENTIFIER = TABBA.IndieFocusUITests;
				PRODUCT_NAME = "$(TARGET_NAME)";
				SWIFT_EMIT_LOC_STRINGS = NO;
				SWIFT_VERSION = 5.0;
				TARGETED_DEVICE_FAMILY = 3;
				TEST_TARGET_NAME = IndieFocus;
			};
			name = Release;
		};
/* End XCBuildConfiguration section */

/* Begin XCConfigurationList section */
		83B5BAD92ED03684003686EB /* Build configuration list for PBXProject "IndieFocus" */ = {
			isa = XCConfigurationList;
			buildConfigurations = (
				83B5BB002ED03688003686EB /* Debug */,
				83B5BB012ED03688003686EB /* Release */,
			);
			defaultConfigurationIsVisible = 0;
			defaultConfigurationName = Release;
		};
		83B5BB022ED03688003686EB /* Build configuration list for PBXNativeTarget "IndieFocus" */ = {
			isa = XCConfigurationList;
			buildConfigurations = (
				83B5BB032ED03688003686EB /* Debug */,
				83B5BB042ED03688003686EB /* Release */,
			);
			defaultConfigurationIsVisible = 0;
			defaultConfigurationName = Release;
		};
		83B5BB052ED03688003686EB /* Build configuration list for PBXNativeTarget "IndieFocusTests" */ = {
			isa = XCConfigurationList;
			buildConfigurations = (
				83B5BB062ED03688003686EB /* Debug */,
				83B5BB072ED03688003686EB /* Release */,
			);
			defaultConfigurationIsVisible = 0;
			defaultConfigurationName = Release;
		};
		83B5BB082ED03688003686EB /* Build configuration list for PBXNativeTarget "IndieFocusUITests" */ = {
			isa = XCConfigurationList;
			buildConfigurations = (
				83B5BB092ED03688003686EB /* Debug */,
				83B5BB0A2ED03688003686EB /* Release */,
			);
			defaultConfigurationIsVisible = 0;
			defaultConfigurationName = Release;
		};
/* End XCConfigurationList section */
	};
	rootObject = 83B5BAD62ED03684003686EB /* Project object */;
}
